
Microsoft Visual Studio Solution File, Format Version 12.00
# Visual Studio 14
VisualStudioVersion = 14.0.24720.0
MinimumVisualStudioVersion = 10.0.40219.1
Project("{FAE04EC0-301F-11D3-BF4B-00C04F79EFBC}") = "Village_Sim", "Village_Sim\Village_Sim.csproj", "{57902A95-8CBE-4BFF-9820-47D6CD42E8B4}"
EndProject
Project("{8BC9CEB8-8B4A-11D0-8D11-00A0C91BC942}") = "Scripting", "Scripting\Scripting.vcxproj", "{77A0D15B-4319-4B7D-B4D2-B0C9FF99EA21}"
EndProject
Global
	GlobalSection(SolutionConfigurationPlatforms) = preSolution
		Debug|x64 = Debug|x64
		Debug|x86 = Debug|x86
		Release|x64 = Release|x64
		Release|x86 = Release|x86
	EndGlobalSection
	GlobalSection(ProjectConfigurationPlatforms) = postSolution
		{57902A95-8CBE-4BFF-9820-47D6CD42E8B4}.Debug|x64.ActiveCfg = Debug|x86
		{57902A95-8CBE-4BFF-9820-47D6CD42E8B4}.Debug|x86.ActiveCfg = Debug|x86
		{57902A95-8CBE-4BFF-9820-47D6CD42E8B4}.Debug|x86.Build.0 = Debug|x86
		{57902A95-8CBE-4BFF-9820-47D6CD42E8B4}.Release|x64.ActiveCfg = Release|x86
		{57902A95-8CBE-4BFF-9820-47D6CD42E8B4}.Release|x86.ActiveCfg = Release|x86
		{57902A95-8CBE-4BFF-9820-47D6CD42E8B4}.Release|x86.Build.0 = Release|x86
		{77A0D15B-4319-4B7D-B4D2-B0C9FF99EA21}.Debug|x64.ActiveCfg = Debug|x64
		{77A0D15B-4319-4B7D-B4D2-B0C9FF99EA21}.Debug|x64.Build.0 = Debug|x64
		{77A0D15B-4319-4B7D-B4D2-B0C9FF99EA21}.Debug|x86.ActiveCfg = Debug|Win32
		{77A0D15B-4319-4B7D-B4D2-B0C9FF99EA21}.Debug|x86.Build.0 = Debug|Win32
		{77A0D15B-4319-4B7D-B4D2-B0C9FF99EA21}.Release|x64.ActiveCfg = Release|x64
		{77A0D15B-4319-4B7D-B4D2-B0C9FF99EA21}.Release|x64.Build.0 = Release|x64
		{77A0D15B-4319-4B7D-B4D2-B0C9FF99EA21}.Release|x86.ActiveCfg = Release|Win32
		{77A0D15B-4319-4B7D-B4D2-B0C9FF99EA21}.Release|x86.Build.0 = Release|Win32
	EndGlobalSection
	GlobalSection(SolutionProperties) = preSolution
		HideSolutionNode = FALSE
	EndGlobalSection
EndGlobal
